
Microsoft Visual Studio Solution File, Format Version 12.00
# Visual Studio 15
VisualStudioVersion = 15.0.27130.2020
MinimumVisualStudioVersion = 10.0.40219.1
Project("{FAE04EC0-301F-11D3-BF4B-00C04F79EFBC}") = "WebFileUpload", "WebFileUpload\WebFileUpload.csproj", "{519B897D-9AF8-4933-9132-C35A9CAE866A}"
EndProject
Global
	GlobalSection(SolutionConfigurationPlatforms) = preSolution
		Debug|Any CPU = Debug|Any CPU
		Release|Any CPU = Release|Any CPU
	EndGlobalSection
	GlobalSection(ProjectConfigurationPlatforms) = postSolution
		{519B897D-9AF8-4933-9132-C35A9CAE866A}.Debug|Any CPU.ActiveCfg = Debug|Any CPU
		{519B897D-9AF8-4933-9132-C35A9CAE866A}.Debug|Any CPU.Build.0 = Debug|Any CPU
		{519B897D-9AF8-4933-9132-C35A9CAE866A}.Release|Any CPU.ActiveCfg = Release|Any CPU
		{519B897D-9AF8-4933-9132-C35A9CAE866A}.Release|Any CPU.Build.0 = Release|Any CPU
	EndGlobalSection
	GlobalSection(SolutionProperties) = preSolution
		HideSolutionNode = FALSE
	EndGlobalSection
	GlobalSection(ExtensibilityGlobals) = postSolution
		SolutionGuid = {7830823B-484F-4471-B50F-62E181E81C2D}
	EndGlobalSection
EndGlobal
